
Microsoft Visual Studio Solution File, Format Version 12.00
# Visual Studio Version 17
VisualStudioVersion = 17.8.34316.72
MinimumVisualStudioVersion = 10.0.40219.1
Project("{9A19103F-16F7-4668-BE54-9A1E7A4F7556}") = "WorkTogether.Wpf", "WorkTogether\WorkTogether.Wpf.csproj", "{B1085B9C-6B28-4D36-8CF8-F5BE1DAEC27B}"
EndProject
Project("{9A19103F-16F7-4668-BE54-9A1E7A4F7556}") = "WorkTogether.DBlib", "WorkTogether.DBlib\WorkTogether.DBlib.csproj", "{131DA8DE-A8B1-4E5F-A26C-DAE651CC70DA}"
EndProject
Project("{9A19103F-16F7-4668-BE54-9A1E7A4F7556}") = "ToolsWpf.Internal", "..\OutilsWpf\ToolsWpf.Internal\ToolsWpf.Internal.csproj", "{DE86FB8C-B873-45AE-9DB1-1C1E24F011F9}"
EndProject
Global
	GlobalSection(SolutionConfigurationPlatforms) = preSolution
		Debug|Any CPU = Debug|Any CPU
		Release|Any CPU = Release|Any CPU
	EndGlobalSection
	GlobalSection(ProjectConfigurationPlatforms) = postSolution
		{B1085B9C-6B28-4D36-8CF8-F5BE1DAEC27B}.Debug|Any CPU.ActiveCfg = Debug|Any CPU
		{B1085B9C-6B28-4D36-8CF8-F5BE1DAEC27B}.Debug|Any CPU.Build.0 = Debug|Any CPU
		{B1085B9C-6B28-4D36-8CF8-F5BE1DAEC27B}.Release|Any CPU.ActiveCfg = Release|Any CPU
		{B1085B9C-6B28-4D36-8CF8-F5BE1DAEC27B}.Release|Any CPU.Build.0 = Release|Any CPU
		{131DA8DE-A8B1-4E5F-A26C-DAE651CC70DA}.Debug|Any CPU.ActiveCfg = Debug|Any CPU
		{131DA8DE-A8B1-4E5F-A26C-DAE651CC70DA}.Debug|Any CPU.Build.0 = Debug|Any CPU
		{131DA8DE-A8B1-4E5F-A26C-DAE651CC70DA}.Release|Any CPU.ActiveCfg = Release|Any CPU
		{131DA8DE-A8B1-4E5F-A26C-DAE651CC70DA}.Release|Any CPU.Build.0 = Release|Any CPU
		{DE86FB8C-B873-45AE-9DB1-1C1E24F011F9}.Debug|Any CPU.ActiveCfg = Debug|Any CPU
		{DE86FB8C-B873-45AE-9DB1-1C1E24F011F9}.Debug|Any CPU.Build.0 = Debug|Any CPU
		{DE86FB8C-B873-45AE-9DB1-1C1E24F011F9}.Release|Any CPU.ActiveCfg = Release|Any CPU
		{DE86FB8C-B873-45AE-9DB1-1C1E24F011F9}.Release|Any CPU.Build.0 = Release|Any CPU
	EndGlobalSection
	GlobalSection(SolutionProperties) = preSolution
		HideSolutionNode = FALSE
	EndGlobalSection
	GlobalSection(ExtensibilityGlobals) = postSolution
		SolutionGuid = {E47A209B-A9F1-401E-B383-9A3A7172E249}
	EndGlobalSection
EndGlobal
